[[package]]
category = "main"
description = "A small Python module for determining appropriate platform-specific dirs, e.g. a \"user data dir\"."
name = "appdirs"
optional = true
python-versions = "*"
version = "1.4.3"

[[package]]
category = "main"
description = "Atomic file writes."
name = "atomicwrites"
optional = true
python-versions = ">=2.7, !=3.0.*, !=3.1.*, !=3.2.*, !=3.3.*"
version = "1.3.0"

[[package]]
category = "main"
description = "Classes Without Boilerplate"
name = "attrs"
optional = true
python-versions = "*"
version = "18.2.0"

[[package]]
category = "main"
description = "The ssl.match_hostname() function from Python 3.5"
marker = "python_version < \"3.5\""
name = "backports.ssl-match-hostname"
optional = false
python-versions = "*"
version = "3.7.0.1"

[[package]]
category = "main"
description = "CC-Core is part of the Curious Containers project. It provides common functionality for other parts of Curious Containers and implements agents to run data-driven experiments defined in RED or CWL format."
name = "cc-core"
optional = false
python-versions = ">=3.4,<4.0"
version = "6.0.0"

[package.dependencies]
jsonschema = ">=2.6,<3.0"
psutil = ">=5.4,<6.0"
requests = ">=2.18,<3.0"
"ruamel.yaml" = ">=0.15,<0.16"

[[package]]
category = "main"
description = "Python package for providing Mozilla's CA Bundle."
name = "certifi"
optional = false
python-versions = "*"
version = "2018.11.29"

[[package]]
category = "main"
description = "Universal encoding detector for Python 2 and 3"
name = "chardet"
optional = false
python-versions = "*"
version = "3.0.4"

[[package]]
category = "main"
description = "Composable command line interface toolkit"
name = "click"
optional = false
python-versions = ">=2.7, !=3.0.*, !=3.1.*, !=3.2.*, !=3.3.*"
version = "7.0"

[[package]]
category = "main"
description = "Cross-platform colored terminal text."
marker = "sys_platform == \"win32\""
name = "colorama"
optional = true
python-versions = ">=2.7, !=3.0.*, !=3.1.*, !=3.2.*, !=3.3.*"
version = "0.4.1"

[[package]]
category = "main"
description = "Better living through Python with decorators"
name = "decorator"
optional = true
python-versions = ">=2.6, !=3.0.*, !=3.1.*"
version = "4.3.2"

[[package]]
category = "main"
description = "A Python library for the Docker Engine API."
name = "docker"
optional = false
python-versions = ">=2.7, !=3.0.*, !=3.1.*, !=3.2.*"
version = "3.7.0"

[package.dependencies]
docker-pycreds = ">=0.4.0"
requests = ">=2.14.2,<2.18.0 || >2.18.0"
six = ">=1.4.0"
websocket-client = ">=0.32.0"

[[package.dependencies.pypiwin32]]
python = "<3.6"
version = "219"

[[package.dependencies.pypiwin32]]
python = ">=3.6"
version = "223"

[package.dependencies."backports.ssl-match-hostname"]
python = "<3.5"
version = ">=3.5"

[[package]]
category = "main"
description = "Python bindings for the docker credentials store API"
name = "docker-pycreds"
optional = false
python-versions = "*"
version = "0.4.0"

[package.dependencies]
six = ">=1.4.0"

[[package]]
category = "main"
description = "A simple framework for building complex web applications."
name = "flask"
optional = false
python-versions = "*"
version = "1.0.2"

[package.dependencies]
Jinja2 = ">=2.10"
Werkzeug = ">=0.14"
click = ">=5.1"
itsdangerous = ">=0.24"

[[package]]
category = "main"
description = "Internationalized Domain Names in Applications (IDNA)"
name = "idna"
optional = false
python-versions = ">=2.7, !=3.0.*, !=3.1.*, !=3.2.*, !=3.3.*"
version = "2.8"

[[package]]
category = "main"
description = "Various helpers to pass data to untrusted environments and back."
name = "itsdangerous"
optional = false
python-versions = ">=2.7, !=3.0.*, !=3.1.*, !=3.2.*, !=3.3.*"
version = "1.1.0"

[[package]]
category = "main"
description = "A small but fast and easy to use stand-alone template engine written in pure python."
name = "jinja2"
optional = false
python-versions = "*"
version = "2.10"

[package.dependencies]
MarkupSafe = ">=0.23"

[[package]]
category = "main"
description = "An implementation of JSON Schema validation for Python"
name = "jsonschema"
optional = false
python-versions = "*"
version = "2.6.0"

[[package]]
category = "main"
description = "A super-fast templating language that borrows the  best ideas from the existing templating languages."
name = "mako"
optional = true
python-versions = "*"
version = "1.0.7"

[package.dependencies]
MarkupSafe = ">=0.9.2"

[[package]]
category = "main"
description = "Safely add untrusted strings to HTML/XML markup."
name = "markupsafe"
optional = false
python-versions = ">=2.7,!=3.0.*,!=3.1.*,!=3.2.*,!=3.3.*"
version = "1.1.0"

[[package]]
category = "main"
description = "More routines for operating on iterables, beyond itertools"
marker = "python_version > \"2.7\""
name = "more-itertools"
optional = true
python-versions = ">=3.4"
version = "6.0.0"

[[package]]
category = "main"
description = "NumPy is the fundamental package for array computing with Python."
name = "numpy"
optional = true
python-versions = ">=2.7,!=3.0.*,!=3.1.*,!=3.2.*,!=3.3.*"
version = "1.16.1"

[[package]]
category = "main"
description = "Object-oriented filesystem paths"
marker = "python_version < \"3.6\""
name = "pathlib2"
optional = true
python-versions = "*"
version = "2.3.3"

[package.dependencies]
six = "*"

[package.dependencies.scandir]
python = "<3.5"
version = "*"

[[package]]
category = "main"
description = "plugin and hook calling mechanisms for python"
name = "pluggy"
optional = true
python-versions = ">=2.7, !=3.0.*, !=3.1.*, !=3.2.*, !=3.3.*"
version = "0.8.1"

[[package]]
category = "main"
description = "Cross-platform lib for process and system monitoring in Python."
name = "psutil"
optional = false
python-versions = ">=2.6, !=3.0.*, !=3.1.*, !=3.2.*, !=3.3.*"
version = "5.5.1"

[[package]]
category = "main"
description = "library with cross-python path, ini-parsing, io, code, log facilities"
name = "py"
optional = true
python-versions = ">=2.7, !=3.0.*, !=3.1.*, !=3.2.*, !=3.3.*"
version = "1.7.0"

[[package]]
category = "main"
description = "Python wrapper for Nvidia CUDA"
name = "pycuda"
optional = true
python-versions = "*"
version = "2018.1.1"

[package.dependencies]
appdirs = ">=1.4.0"
decorator = ">=3.2.0"
mako = "*"
pytest = ">=2"
pytools = ">=2011.2"

[[package]]
category = "main"
description = "Python for Window Extensions"
marker = "sys_platform == \"win32\" and python_version < \"3.6\""
name = "pypiwin32"
optional = false
python-versions = "*"
version = "219"

[[package]]
category = "main"
description = ""
marker = "sys_platform == \"win32\" and python_version >= \"3.6\""
name = "pypiwin32"
optional = false
python-versions = "*"
version = "223"

[package.dependencies]
pywin32 = ">=223"

[[package]]
category = "main"
description = "pytest: simple powerful testing with Python"
name = "pytest"
optional = true
python-versions = ">=2.7, !=3.0.*, !=3.1.*, !=3.2.*, !=3.3.*"
version = "4.2.1"

[package.dependencies]
atomicwrites = ">=1.0"
attrs = ">=17.4.0"
colorama = "*"
pluggy = ">=0.7"
py = ">=1.5.0"
setuptools = "*"
six = ">=1.10.0"

[package.dependencies.more-itertools]
python = ">2.7"
version = ">=4.0.0"

[package.dependencies.pathlib2]
python = "<3.6"
version = ">=2.2.0"

[[package]]
category = "main"
description = "A collection of tools for Python"
name = "pytools"
optional = true
python-versions = "*"
version = "2019.1"

[package.dependencies]
appdirs = ">=1.4.0"
decorator = ">=3.2.0"
numpy = ">=1.6.0"
six = ">=1.8.0"

[[package]]
category = "main"
description = "Python for Window Extensions"
marker = "sys_platform == \"win32\" and python_version >= \"3.6\""
name = "pywin32"
optional = false
python-versions = "*"
version = "224"

[[package]]
category = "main"
description = "Python HTTP for Humans."
name = "requests"
optional = false
python-versions = ">=2.7, !=3.0.*, !=3.1.*, !=3.2.*, !=3.3.*"
version = "2.21.0"

[package.dependencies]
certifi = ">=2017.4.17"
chardet = ">=3.0.2,<3.1.0"
idna = ">=2.5,<2.9"
urllib3 = ">=1.21.1,<1.25"

[[package]]
category = "main"
description = "ruamel.yaml is a YAML parser/emitter that supports roundtrip preservation of comments, seq/map flow style, and map key order"
name = "ruamel.yaml"
optional = false
python-versions = "*"
version = "0.15.88"

[[package]]
category = "main"
description = "scandir, a better directory iterator and faster os.walk()"
marker = "python_version < \"3.5\""
name = "scandir"
optional = true
python-versions = "*"
version = "1.9.0"

[[package]]
category = "main"
description = "Python 2 and 3 compatibility utilities"
name = "six"
optional = false
python-versions = ">=2.6, !=3.0.*, !=3.1.*"
version = "1.12.0"

[[package]]
category = "main"
description = "HTTP library with thread-safe connection pooling, file post, and more."
name = "urllib3"
optional = false
python-versions = ">=2.7, !=3.0.*, !=3.1.*, !=3.2.*, !=3.3.*, <4"
version = "1.24.1"

[[package]]
category = "main"
description = "WebSocket client for Python. hybi13 is supported."
name = "websocket-client"
optional = false
python-versions = ">=2.6, !=3.0.*, !=3.1.*, !=3.2.*, !=3.3.*"
version = "0.54.0"

[package.dependencies]
six = "*"

[[package]]
category = "main"
description = "The comprehensive WSGI web application library."
name = "werkzeug"
optional = false
python-versions = "*"
version = "0.14.1"

[extras]
nvidia-docker = ["pycuda"]

[metadata]
content-hash = "fa14b0f66936475b2a4e125f56e83b7c985ac42c912186cf8e310a6f7070d5b1"
python-versions = "^3.4"

[metadata.hashes]
appdirs = ["9e5896d1372858f8dd3344faf4e5014d21849c756c8d5701f78f8a103b372d92", "d8b24664561d0d34ddfaec54636d502d7cea6e29c3eaf68f3df6180863e2166e"]
atomicwrites = ["03472c30eb2c5d1ba9227e4c2ca66ab8287fbfbbda3888aa93dc2e28fc6811b4", "75a9445bac02d8d058d5e1fe689654ba5a6556a1dfd8ce6ec55a0ed79866cfa6"]
attrs = ["10cbf6e27dbce8c30807caf056c8eb50917e0eaafe86347671b57254006c3e69", "ca4be454458f9dec299268d472aaa5a11f67a4ff70093396e1ceae9c76cf4bbb"]
"backports.ssl-match-hostname" = ["bb82e60f9fbf4c080eabd957c39f0641f0fc247d9a16e31e26d594d8f42b9fd2"]
cc-core = ["4d4d55f0d579484b1f5fec7f412743d2a161dd4cb645e9915955497f5f13f07f", "5ce3b116ea4e4a795f7d1e9eadf641fdc5d5f50a9d896f6c76b4aa99bb966862"]
certifi = ["47f9c83ef4c0c621eaef743f133f09fa8a74a9b75f037e8624f83bd1b6626cb7", "993f830721089fef441cdfeb4b2c8c9df86f0c63239f06bd025a76a7daddb033"]
chardet = ["84ab92ed1c4d4f16916e05906b6b75a6c0fb5db821cc65e70cbd64a3e2a5eaae", "fc323ffcaeaed0e0a02bf4d117757b98aed530d9ed4531e3e15460124c106691"]
click = ["2335065e6395b9e67ca716de5f7526736bfa6ceead690adf616d925bdc622b13", "5b94b49521f6456670fdb30cd82a4eca9412788a93fa6dd6df72c94d5a8ff2d7"]
colorama = ["05eed71e2e327246ad6b38c540c4a3117230b19679b875190486ddd2d721422d", "f8ac84de7840f5b9c4e3347b3c1eaa50f7e49c2b07596221daec5edaabbd7c48"]
decorator = ["33cd704aea07b4c28b3eb2c97d288a06918275dac0ecebdaf1bc8a48d98adb9e", "cabb249f4710888a2fc0e13e9a16c343d932033718ff62e1e9bc93a9d3a9122b"]
docker = ["2840ffb9dc3ef6d00876bde476690278ab13fa1f8ba9127ef855ac33d00c3152", "5831256da3477723362bc71a8df07b8cd8493e4a4a60cebd45580483edbe48ae"]
docker-pycreds = ["6ce3270bcaf404cc4c3e27e4b6c70d3521deae82fb508767870fdbf772d584d4", "7266112468627868005106ec19cd0d722702d2b7d5912a28e19b826c3d37af49"]
flask = ["2271c0070dbcb5275fad4a82e29f23ab92682dc45f9dfbc22c02ba9b9322ce48", "a080b744b7e345ccfcbc77954861cb05b3c63786e93f2b3875e0913d44b43f05"]
idna = ["c357b3f628cf53ae2c4c05627ecc484553142ca23264e593d327bcde5e9c3407", "ea8b7f6188e6fa117537c3df7da9fc686d485087abf6ac197f9c46432f7e4a3c"]
itsdangerous = ["321b033d07f2a4136d3ec762eac9f16a10ccd60f53c0c91af90217ace7ba1f19", "b12271b2047cb23eeb98c8b5622e2e5c5e9abd9784a153e9d8ef9cb4dd09d749"]
jinja2 = ["74c935a1b8bb9a3947c50a54766a969d4846290e1e788ea44c1392163723c3bd", "f84be1bb0040caca4cea721fcbbbbd61f9be9464ca236387158b0feea01914a4"]
jsonschema = ["000e68abd33c972a5248544925a0cae7d1125f9bf6c58280d37546b946769a08", "6ff5f3180870836cae40f06fa10419f557208175f13ad7bc26caa77beb1f6e02"]
mako = ["4e02fde57bd4abb5ec400181e4c314f56ac3e49ba4fb8b0d50bba18cb27d25ae"]
markupsafe = ["048ef924c1623740e70204aa7143ec592504045ae4429b59c30054cb31e3c432", "130f844e7f5bdd8e9f3f42e7102ef1d49b2e6fdf0d7526df3f87281a532d8c8b", "19f637c2ac5ae9da8bfd98cef74d64b7e1bb8a63038a3505cd182c3fac5eb4d9", "1b8a7a87ad1b92bd887568ce54b23565f3fd7018c4180136e1cf412b405a47af", "1c25694ca680b6919de53a4bb3bdd0602beafc63ff001fea2f2fc16ec3a11834", "1f19ef5d3908110e1e891deefb5586aae1b49a7440db952454b4e281b41620cd", "1fa6058938190ebe8290e5cae6c351e14e7bb44505c4a7624555ce57fbbeba0d", "31cbb1359e8c25f9f48e156e59e2eaad51cd5242c05ed18a8de6dbe85184e4b7", "3e835d8841ae7863f64e40e19477f7eb398674da6a47f09871673742531e6f4b", "4e97332c9ce444b0c2c38dd22ddc61c743eb208d916e4265a2a3b575bdccb1d3", "525396ee324ee2da82919f2ee9c9e73b012f23e7640131dd1b53a90206a0f09c", "52b07fbc32032c21ad4ab060fec137b76eb804c4b9a1c7c7dc562549306afad2", "52ccb45e77a1085ec5461cde794e1aa037df79f473cbc69b974e73940655c8d7", "5c3fbebd7de20ce93103cb3183b47671f2885307df4a17a0ad56a1dd51273d36", "5e5851969aea17660e55f6a3be00037a25b96a9b44d2083651812c99d53b14d1", "5edfa27b2d3eefa2210fb2f5d539fbed81722b49f083b2c6566455eb7422fd7e", "7d263e5770efddf465a9e31b78362d84d015cc894ca2c131901a4445eaa61ee1", "83381342bfc22b3c8c06f2dd93a505413888694302de25add756254beee8449c", "857eebb2c1dc60e4219ec8e98dfa19553dae33608237e107db9c6078b1167856", "98e439297f78fca3a6169fd330fbe88d78b3bb72f967ad9961bcac0d7fdd1550", "bf54103892a83c64db58125b3f2a43df6d2cb2d28889f14c78519394feb41492", "d9ac82be533394d341b41d78aca7ed0e0f4ba5a2231602e2f05aa87f25c51672", "e982fe07ede9fada6ff6705af70514a52beb1b2c3d25d4e873e82114cf3c5401", "edce2ea7f3dfc981c4ddc97add8a61381d9642dc3273737e756517cc03e84dd6", "efdc45ef1afc238db84cb4963aa689c0408912a0239b0721cb172b4016eb31d6", "f137c02498f8b935892d5c0172560d7ab54bc45039de8805075e19079c639a9c", "f82e347a72f955b7017a39708a3667f106e6ad4d10b25f237396a7115d8ed5fd", "fb7c206e01ad85ce57feeaaa0bf784b97fa3cad0d4a5737bc5295785f5c613a1"]
more-itertools = ["0125e8f60e9e031347105eb1682cef932f5e97d7b9a1a28d9bf00c22a5daef40", "590044e3942351a1bdb1de960b739ff4ce277960f2425ad4509446dbace8d9d1"]
numpy = ["0cdbbaa30ae69281b18dd995d3079c4e552ad6d5426977f66b9a2a95f11f552a", "2b0cca1049bd39d1879fa4d598624cafe82d35529c72de1b3d528d68031cdd95", "31d3fe5b673e99d33d70cfee2ea8fe8dccd60f265c3ed990873a88647e3dd288", "34dd4922aab246c39bf5df03ca653d6265e65971deca6784c956bf356bca6197", "384e2dfa03da7c8d54f8f934f61b6a5e4e1ebb56a65b287567629d6c14578003", "392e2ea22b41a22c0289a88053204b616181288162ba78e6823e1760309d5277", "4341a39fc085f31a583be505eabf00e17c619b469fef78dc7e8241385bfddaa4", "45080f065dcaa573ebecbfe13cdd86e8c0a68c4e999aa06bd365374ea7137706", "485cb1eb4c9962f4cd042fed9424482ec1d83fee5dc2ef3f2552ac47852cb259", "575cefd28d3e0da85b0864506ae26b06483ee4a906e308be5a7ad11083f9d757", "62784b35df7de7ca4d0d81c5b6af5983f48c5cdef32fc3635b445674e56e3266", "69c152f7c11bf3b4fc11bc4cc62eb0334371c0db6844ebace43b7c815b602805", "6ccfdcefd287f252cf1ea7a3f1656070da330c4a5658e43ad223269165cdf977", "7298fbd73c0b3eff1d53dc9b9bdb7add8797bb55eeee38c8ccd7906755ba28af", "79463d918d1bf3aeb9186e3df17ddb0baca443f41371df422f99ee94f4f2bbfe", "8bbee788d82c0ac656536de70e817af09b7694f5326b0ef08e5c1014fcb96bb3", "a863957192855c4c57f60a75a1ac06ce5362ad18506d362dd807e194b4baf3ce", "ae602ba425fb2b074e16d125cdce4f0194903da935b2e7fe284ebecca6d92e76", "b13faa258b20fa66d29011f99fdf498641ca74a0a6d9266bc27d83c70fea4a6a", "c2c39d69266621dd7464e2bb740d6eb5abc64ddc339cc97aa669f3bb4d75c103", "e9c88f173d31909d881a60f08a8494e63f1aff2a4052476b24d4f50e82c47e24", "f1a29267ac29fff0913de0f11f3a9edfcd3f39595f467026c29376fad243ebe3", "f69dde0c5a137d887676a8129373e44366055cf19d1b434e853310c7a1e68f93"]
pathlib2 = ["25199318e8cc3c25dcb45cbe084cc061051336d5a9ea2a12448d3d8cb748f742", "5887121d7f7df3603bca2f710e7219f3eca0eb69e0b7cc6e0a022e155ac931a7"]
pluggy = ["8ddc32f03971bfdf900a81961a48ccf2fb677cf7715108f85295c67405798616", "980710797ff6a041e9a73a5787804f848996ecaa6f8a1b1e08224a5894f2074a"]
psutil = ["5ce6b5eb0267233459f4d3980c205828482f450999b8f5b684d9629fea98782a", "72cebfaa422b7978a1d3632b65ff734a34c6b34f4578b68a5c204d633756b810", "77c231b4dff8c1c329a4cd1c22b96c8976c597017ff5b09993cd148d6a94500c", "8846ab0be0cdccd6cc92ecd1246a16e2f2e49f53bd73e522c3a75ac291e1b51d", "a013b4250ccbddc9d22feca0f986a1afc71717ad026c0f2109bbffd007351191", "ad43b83119eeea6d5751023298cd331637e542cbd332196464799e25a5519f8f", "c177777c787d247d02dae6c855330f9ed3e1abf8ca1744c26dd5ff968949999a", "ec1ef313530a9457e48d25e3fdb1723dfa636008bf1b970027462d46f2555d59", "ef3e5e02b3c5d1df366abe7b4820400d5c427579668ad4465ff189d28ded5ebd"]
py = ["bf92637198836372b520efcba9e020c330123be8ce527e535d185ed4b6f45694", "e76826342cefe3c3d5f7e8ee4316b80d1dd8a300781612ddbc765c17ba25a6c6"]
pycuda = ["49d575fca3fd3c95467c3b0fb51967ad17d0c4cc18e078a6748309af4de36a8d"]
pypiwin32 = ["06d478295c89dbdd4187e1ac099bb8eab93c29e298bded4e2fbc77009287fa44", "0b8f74a48021d71c8645d4a9de5426dcd800976a96d9a3bfb90136b24b9318a6", "34fd396098d5b29b2a1ae71db5ca9ba91e1c6c5b7fb7fbff1296e0d45f0b103f", "44217c51c54b1dd0de31bdad270d5e18dab0c8fa8c121ddf63fa86fa5991787f", "5618522ad9c2b229d8a9a1c5175d135a397bf70d6db1d352adf0131aa5321258", "5e0101cb712a3b90ee1ccdf8b90ae48958c78e8f1584e958db85bb1a403a91d2", "5e64895aed07c7124b57ff21e48ee0ca4caa9d1f85042b1e7c35eecd0e2f01be", "69f63942403f5a6262f05602106ef4921db582df83c59b1a3571995652a6c762", "74ac5855269b3d67458815a709f083e74961fd5d558a4b9e1307eaa6c832d827", "794150d9e0c1fc61a9f5845d88028d24ffdf78253f03d7d623e0e1c103b5d92b", "ca375fdf0adb961d1988786aa2bcb54aac23fd1a647b591ccf44e0965a6dc51f", "ec4b285e1a58dc6eeaa331d5d278dbc6e9da3fa2675cbb803a9c88d2b9c43f79", "f226481dade2c075e7f488485b6e18a279367b94a019baf71493fab475f3a4b8", "f811d494040e91e38f01ef1e127177bbb9fdc350126a11cd65ac5db6cad2b92e", "fbe640e946e2fcd983048e2c40bee28eba884a9e0178fb1cf03e1d365abd8e3f", "67adf399debc1d5d14dffc1ab5acacb800da569754fafdc576b2a039485aa775", "71be40c1fbd28594214ecaecb58e7aa8b708eabfa0125c8a109ebd51edbd776a"]
pytest = ["80cfd9c8b9e93f419abcc0400e9f595974a98e44b6863a77d3e1039961bfc9c4", "c2396a15726218a2dfef480861c4ba37bd3952ebaaa5b0fede3fc23fddcd7f8c"]
pytools = ["f6972030e6c97089e49b832fd1f4e7959aee89bb6db929aaa3bde2553d78872b"]
pywin32 = ["22e218832a54ed206452c8f3ca9eff07ef327f8e597569a4c2828be5eaa09a77", "32b37abafbfeddb0fe718008d6aada5a71efa2874f068bee1f9e703983dcc49a", "35451edb44162d2f603b5b18bd427bc88fcbc74849eaa7a7e7cfe0f507e5c0c8", "4eda2e1e50faa706ff8226195b84fbcbd542b08c842a9b15e303589f85bfb41c", "5f265d72588806e134c8e1ede8561739071626ea4cc25c12d526aa7b82416ae5", "6852ceac5fdd7a146b570655c37d9eacd520ed1eaeec051ff41c6fc94243d8bf", "6dbc4219fe45ece6a0cc6baafe0105604fdee551b5e876dc475d3955b77190ec", "9bd07746ce7f2198021a9fa187fa80df7b221ec5e4c234ab6f00ea355a3baf99"]
requests = ["502a824f31acdacb3a35b6690b5fbf0bc41d63a24a45c4004352b0242707598e", "7bf2a778576d825600030a110f3c0e3e8edc51dfaafe1c146e39a2027784957b"]
"ruamel.yaml" = ["0289a685479d059b94683cd6cb47ffb790c05c20a6c4da395361025d52493d0a", "0adf1d9b8e88dc6b151a3199b1dd7be0c8ee10d6c2ebd2a9e2a13224f4481cdf", "13657c26780bba5824764cddb0f2933217fd59cfcca0e2ee1b2f759e7e58ef8e", "3815f688de7316fcd3ba5ceda642e902044c5c1a8fb5e4dc245d99db3eb3121b", "4e61c0b96805d1e2ec53cb1698ca6086a47aa1e1d09857144eb60216e7894ce3", "4f0d57ead5414456cb899c3746a8d30f566c22bb90c97da76f76e79147cb2d61", "51916929902ff054e189d29bc418788a5dc3a4e89a89065beed694f537383ca3", "5b7ea0ee24680157666f730f3a8c173f386c66e8c103458af20d97276e7e54d3", "6b1b1ee0a028b9cdc1bc3ec1f75480fc0d3fbcc9e0212a716b129b6f26e34587", "6db27f789c7efdbc59b8650c37a09dde0db019560bc19a07c905b65158a18bba", "7a8c8f825fd52f3586d583f621cdf3a03b9dc8833933ae401554b246b48026d5", "7ab0c27094ef27a21e0094dc671c456bd4a62811c14e27407ae8bc3aa8cc8111", "8e06bcf212b45dffe6c2415693c32b4c7d4ff55c03268a3033217f7a673d07ba", "9826e3c85549b3fc87786466a7a96dcadec59802a9ed077b905349ef1cac7b14", "ac56193c47a31c9efa151064a9e921865cdad0f7a991d229e7197e12fe8e0cd7", "aef88ec2927b0454709026a761918c02b69e5df9c061b49634d7993c0848580d", "d8591fdfd076d8121a456aaff0bbea6d5753023896f4559b710d4e56d1ac6418", "e033423fd6b4ddfd47f0f5ebe81e896129d85fd5219c5e66effb4de06a1fea7a", "e05017af8c1164fee33aa2677df7eaeb6d2fa76e22baf7960f9e8f1b04657151", "e4cd2ccd4d455206826a7c59fda13a9008ae994de66a7b0df2c0bb81121fab01", "e4f525efdecc075e6b0d96df0ae4bd2ad17c7280ebe66035f468c5c3da53fe0d", "fd5f09c399cdc92586b54ee28f68f23f1d5649177d7ceb22ec975b5e69e1b722"]
scandir = ["04b8adb105f2ed313a7c2ef0f1cf7aff4871aa7a1883fa4d8c44b5551ab052d6", "1444134990356c81d12f30e4b311379acfbbcd03e0bab591de2696a3b126d58e", "1b5c314e39f596875e5a95dd81af03730b338c277c54a454226978d5ba95dbb6", "346619f72eb0ddc4cf355ceffd225fa52506c92a2ff05318cfabd02a144e7c4e", "44975e209c4827fc18a3486f257154d34ec6eaec0f90fef0cca1caa482db7064", "61859fd7e40b8c71e609c202db5b0c1dbec0d5c7f1449dec2245575bdc866792", "a5e232a0bf188362fa00123cc0bb842d363a292de7126126df5527b6a369586a", "c14701409f311e7a9b7ec8e337f0815baf7ac95776cc78b419a1e6d49889a383", "c7708f29d843fc2764310732e41f0ce27feadde453261859ec0fca7865dfc41b", "c9009c527929f6e25604aec39b0a43c3f831d2947d89d6caaab22f057b7055c8", "f5c71e29b4e2af7ccdc03a020c626ede51da471173b4a6ad1e904f2b2e04b4bd"]
six = ["3350809f0555b11f552448330d0b52d5f24c91a322ea4a15ef22629740f3761c", "d16a0141ec1a18405cd4ce8b4613101da75da0e9a7aec5bdd4fa804d0e0eba73"]
urllib3 = ["61bf29cada3fc2fbefad4fdf059ea4bd1b4a86d2b6d15e1c7c0b582b9752fe39", "de9529817c93f27c8ccbfead6985011db27bd0ddfcdb2d86f3f663385c6a9c22"]
websocket-client = ["8c8bf2d4f800c3ed952df206b18c28f7070d9e3dcbd6ca6291127574f57ee786", "e51562c91ddb8148e791f0155fdb01325d99bb52c4cdbb291aee7a3563fd0849"]
werkzeug = ["c3fd7a7d41976d9f44db327260e263132466836cef6f91512889ed60ad26557c", "d5da73735293558eb1651ee2fddc4d0dedcfa06538b8813a2e20011583c9e49b"]
