[[package]]
category = "main"
description = "The ssl.match_hostname() function from Python 3.5"
name = "backports.ssl-match-hostname"
optional = false
platform = "UNKNOWN"
python-versions = "*"
version = "3.5.0.1"

[package.requirements]
python = "<3.5"

[[package]]
category = "main"
description = "CC-Core is part of the Curious Containers project. It provides common functionality for other parts of Curious Containers and implements agents to run data-driven experiments defined in RED or CWL format."
name = "cc-core"
optional = false
platform = "*"
python-versions = ">=3.4,<4.0"
version = "5.2.0"

[package.dependencies]
flask = ">=1.0,<2.0"
jinja2 = ">=2.10,<3.0"
jsonschema = ">=2.6,<3.0"
psutil = ">=5.4,<6.0"
requests = ">=2.18,<3.0"
"ruamel.yaml" = ">=0.15,<0.16"

[[package]]
category = "main"
description = "Python package for providing Mozilla's CA Bundle."
name = "certifi"
optional = false
platform = "*"
python-versions = "*"
version = "2018.8.13"

[[package]]
category = "main"
description = "Universal encoding detector for Python 2 and 3"
name = "chardet"
optional = false
platform = "*"
python-versions = "*"
version = "3.0.4"

[[package]]
category = "main"
description = "A simple wrapper around optparse for powerful command line utilities."
name = "click"
optional = false
platform = "*"
python-versions = "*"
version = "6.7"

[[package]]
category = "main"
description = "A Python library for the Docker Engine API."
name = "docker"
optional = false
platform = "*"
python-versions = "*"
version = "3.5.0"

[package.dependencies]
docker-pycreds = ">=0.3.0"
requests = ">=2.14.2,<2.18.0 || >2.18.0"
six = ">=1.4.0"
websocket-client = ">=0.32.0"

[[package.dependencies.pypiwin32]]
platform = "win32"
python = ">=3.6"
version = "223"

[[package.dependencies.pypiwin32]]
platform = "win32"
python = "<3.6"
version = "219"

[package.dependencies."backports.ssl-match-hostname"]
python = "<3.5"
version = ">=3.5"

[[package]]
category = "main"
description = "Python bindings for the docker credentials store API"
name = "docker-pycreds"
optional = false
platform = "*"
python-versions = "*"
version = "0.3.0"

[package.dependencies]
six = ">=1.4.0"

[[package]]
category = "main"
description = "A simple framework for building complex web applications."
name = "flask"
optional = false
platform = "any"
python-versions = "*"
version = "1.0.2"

[package.dependencies]
Jinja2 = ">=2.10"
Werkzeug = ">=0.14"
click = ">=5.1"
itsdangerous = ">=0.24"

[[package]]
category = "main"
description = "Internationalized Domain Names in Applications (IDNA)"
name = "idna"
optional = false
platform = "*"
python-versions = "*"
version = "2.7"

[[package]]
category = "main"
description = "Various helpers to pass trusted data to untrusted environments and back."
name = "itsdangerous"
optional = false
platform = "UNKNOWN"
python-versions = "*"
version = "0.24"

[[package]]
category = "main"
description = "A small but fast and easy to use stand-alone template engine written in pure python."
name = "jinja2"
optional = false
platform = "*"
python-versions = "*"
version = "2.10"

[package.dependencies]
MarkupSafe = ">=0.23"

[[package]]
category = "main"
description = "An implementation of JSON Schema validation for Python"
name = "jsonschema"
optional = false
platform = "*"
python-versions = "*"
version = "2.6.0"

[[package]]
category = "main"
description = "Implements a XML/HTML/XHTML Markup safe string for Python"
name = "markupsafe"
optional = false
platform = "UNKNOWN"
python-versions = "*"
version = "1.0"

[[package]]
category = "main"
description = "Cross-platform lib for process and system monitoring in Python."
name = "psutil"
optional = false
platform = "Platform Independent"
python-versions = ">=2.6, !=3.0.*, !=3.1.*, !=3.2.*, !=3.3.*"
version = "5.4.7"

[[package]]
category = "main"
description = ""
name = "pypiwin32"
optional = false
platform = "*"
python-versions = "*"
version = "223"

[package.dependencies]
pywin32 = ">=223"

[package.requirements]
platform = "win32"
python = ">=3.6"

[[package]]
category = "main"
description = ""
name = "pypiwin32"
optional = false
platform = "*"
python-versions = "*"
version = "223"

[package.dependencies]
pywin32 = ">=223"

[package.requirements]
platform = "win32"
python = ">=3.6"

[[package]]
category = "main"
description = "Python for Window Extensions"
name = "pypiwin32"
optional = false
platform = "UNKNOWN"
python-versions = "*"
version = "219"

[package.requirements]
platform = "win32"
python = "<3.6"

[[package]]
category = "main"
description = "Python for Window Extensions"
name = "pypiwin32"
optional = false
platform = "UNKNOWN"
python-versions = "*"
version = "219"

[package.requirements]
platform = "win32"
python = "<3.6"

[[package]]
category = "main"
description = "Python for Window Extensions"
name = "pywin32"
optional = false
platform = "*"
python-versions = "*"
version = "223"

[package.requirements]
platform = "win32"
python = ">=3.6"

[[package]]
category = "main"
description = "Python HTTP for Humans."
name = "requests"
optional = false
platform = "*"
python-versions = ">=2.6, !=3.0.*, !=3.1.*, !=3.2.*, !=3.3.*"
version = "2.19.1"

[package.dependencies]
certifi = ">=2017.4.17"
chardet = ">=3.0.2,<3.1.0"
idna = ">=2.5,<2.8"
urllib3 = ">=1.21.1,<1.24"

[[package]]
category = "main"
description = "ruamel.yaml is a YAML parser/emitter that supports roundtrip preservation of comments, seq/map flow style, and map key order"
name = "ruamel.yaml"
optional = false
platform = "*"
python-versions = "*"
version = "0.15.60"

[[package]]
category = "main"
description = "Python 2 and 3 compatibility utilities"
name = "six"
optional = false
platform = "*"
python-versions = "*"
version = "1.11.0"

[[package]]
category = "main"
description = "HTTP library with thread-safe connection pooling, file post, and more."
name = "urllib3"
optional = false
platform = "*"
python-versions = ">=2.6, !=3.0.*, !=3.1.*, !=3.2.*, !=3.3.*, <4"
version = "1.23"

[[package]]
category = "main"
description = "WebSocket client for Python. hybi13 is supported."
name = "websocket-client"
optional = false
platform = "*"
python-versions = ">=2.6, !=3.0.*, !=3.1.*, !=3.2.*, !=3.3.*"
version = "0.51.0"

[package.dependencies]
six = "*"

[[package]]
category = "main"
description = "The comprehensive WSGI web application library."
name = "werkzeug"
optional = false
platform = "any"
python-versions = "*"
version = "0.14.1"

[metadata]
content-hash = "d70bb46f7488a98467a093362e656e058fff1c9c93d68527f5e054d6303da6f5"
platform = "*"
python-versions = "^3.4"

[metadata.hashes]
"backports.ssl-match-hostname" = ["502ad98707319f4a51fa2ca1c677bd659008d27ded9f6380c79e8932e38dcdf2"]
cc-core = ["3fffde95e438e73a1fe7a5a5e9582c4a557e030fde8457231dd4f8cd66ed6f7a", "e52e2ded1b7b23bb3f3d8f310fd71a6ca5f47dac512c87d3714b9acdb3b7d454"]
certifi = ["4c1d68a1408dd090d2f3a869aa94c3947cc1d967821d1ed303208c9f41f0f2f4", "b6e8b28b2b7e771a41ecdd12d4d43262ecab52adebbafa42c77d6b57fb6ad3a4"]
chardet = ["84ab92ed1c4d4f16916e05906b6b75a6c0fb5db821cc65e70cbd64a3e2a5eaae", "fc323ffcaeaed0e0a02bf4d117757b98aed530d9ed4531e3e15460124c106691"]
click = ["29f99fc6125fbc931b758dc053b3114e55c77a6e4c6c3a2674a2dc986016381d", "f15516df478d5a56180fbf80e68f206010e6d160fc39fa508b65e035fd75130b"]
docker = ["6c4da20ef40e8d3eaf650f1488d91452b9a1128045481d7169fd34665ffa90ee", "bc693be5a84b3b9e5aaf156068c5c0a445ee5138c638c3fbc857133bf67ebe07"]
docker-pycreds = ["0a941b290764ea7286bd77f54c0ace43b86a8acd6eb9ead3de9840af52384079", "8b0e956c8d206f832b06aa93a710ba2c3bcbacb5a314449c040b0b814355bbff"]
flask = ["2271c0070dbcb5275fad4a82e29f23ab92682dc45f9dfbc22c02ba9b9322ce48", "a080b744b7e345ccfcbc77954861cb05b3c63786e93f2b3875e0913d44b43f05"]
idna = ["156a6814fb5ac1fc6850fb002e0852d56c0c8d2531923a51032d1b70760e186e", "684a38a6f903c1d71d6d5fac066b58d7768af4de2b832e426ec79c30daa94a16"]
itsdangerous = ["cbb3fcf8d3e33df861709ecaf89d9e6629cff0a217bc2848f1b41cd30d360519"]
jinja2 = ["74c935a1b8bb9a3947c50a54766a969d4846290e1e788ea44c1392163723c3bd", "f84be1bb0040caca4cea721fcbbbbd61f9be9464ca236387158b0feea01914a4"]
jsonschema = ["000e68abd33c972a5248544925a0cae7d1125f9bf6c58280d37546b946769a08", "6ff5f3180870836cae40f06fa10419f557208175f13ad7bc26caa77beb1f6e02"]
markupsafe = ["a6be69091dac236ea9c6bc7d012beab42010fa914c459791d627dad4910eb665"]
psutil = ["0d8da7333549a998556c18eb2af3ce902c28d66ceb947505c008f91e9f988abd", "1914bacbd2fc2af8f795daa44b9d2e0649a147460cfd21b1a70a124472f66d40", "215d61a901e67b1a35e14c6aedef317f7fa7e6075a20c150fd11bd2c906d2c83", "51057c03aea251ad6667c2bba259bc7ed3210222d3a74152c84e3ab06e1da0ba", "5b6322b167a5ba0c5463b4d30dfd379cd4ce245a1162ebf8fc7ab5c5ffae4f3b", "a890c3e490493f21da2817ffc92822693bc0d6bcac9999caa04ffce8dd4e7132", "b34611280a2d0697f1c499e15e936d88109170194b390599c98bab8072a71f05", "cea2557ee6a9faa2c100947637ded68414e12b851633c4ce26e0311b2a2ed539", "d081707ef0081920533db30200a2d30d5c0ea9cf6afa7cf8881ae4516cc69c48"]
pypiwin32 = ["67adf399debc1d5d14dffc1ab5acacb800da569754fafdc576b2a039485aa775", "71be40c1fbd28594214ecaecb58e7aa8b708eabfa0125c8a109ebd51edbd776a", "67adf399debc1d5d14dffc1ab5acacb800da569754fafdc576b2a039485aa775", "71be40c1fbd28594214ecaecb58e7aa8b708eabfa0125c8a109ebd51edbd776a", "06d478295c89dbdd4187e1ac099bb8eab93c29e298bded4e2fbc77009287fa44", "0b8f74a48021d71c8645d4a9de5426dcd800976a96d9a3bfb90136b24b9318a6", "34fd396098d5b29b2a1ae71db5ca9ba91e1c6c5b7fb7fbff1296e0d45f0b103f", "44217c51c54b1dd0de31bdad270d5e18dab0c8fa8c121ddf63fa86fa5991787f", "5618522ad9c2b229d8a9a1c5175d135a397bf70d6db1d352adf0131aa5321258", "5e0101cb712a3b90ee1ccdf8b90ae48958c78e8f1584e958db85bb1a403a91d2", "5e64895aed07c7124b57ff21e48ee0ca4caa9d1f85042b1e7c35eecd0e2f01be", "69f63942403f5a6262f05602106ef4921db582df83c59b1a3571995652a6c762", "74ac5855269b3d67458815a709f083e74961fd5d558a4b9e1307eaa6c832d827", "794150d9e0c1fc61a9f5845d88028d24ffdf78253f03d7d623e0e1c103b5d92b", "ca375fdf0adb961d1988786aa2bcb54aac23fd1a647b591ccf44e0965a6dc51f", "ec4b285e1a58dc6eeaa331d5d278dbc6e9da3fa2675cbb803a9c88d2b9c43f79", "f226481dade2c075e7f488485b6e18a279367b94a019baf71493fab475f3a4b8", "f811d494040e91e38f01ef1e127177bbb9fdc350126a11cd65ac5db6cad2b92e", "fbe640e946e2fcd983048e2c40bee28eba884a9e0178fb1cf03e1d365abd8e3f", "06d478295c89dbdd4187e1ac099bb8eab93c29e298bded4e2fbc77009287fa44", "0b8f74a48021d71c8645d4a9de5426dcd800976a96d9a3bfb90136b24b9318a6", "34fd396098d5b29b2a1ae71db5ca9ba91e1c6c5b7fb7fbff1296e0d45f0b103f", "44217c51c54b1dd0de31bdad270d5e18dab0c8fa8c121ddf63fa86fa5991787f", "5618522ad9c2b229d8a9a1c5175d135a397bf70d6db1d352adf0131aa5321258", "5e0101cb712a3b90ee1ccdf8b90ae48958c78e8f1584e958db85bb1a403a91d2", "5e64895aed07c7124b57ff21e48ee0ca4caa9d1f85042b1e7c35eecd0e2f01be", "69f63942403f5a6262f05602106ef4921db582df83c59b1a3571995652a6c762", "74ac5855269b3d67458815a709f083e74961fd5d558a4b9e1307eaa6c832d827", "794150d9e0c1fc61a9f5845d88028d24ffdf78253f03d7d623e0e1c103b5d92b", "ca375fdf0adb961d1988786aa2bcb54aac23fd1a647b591ccf44e0965a6dc51f", "ec4b285e1a58dc6eeaa331d5d278dbc6e9da3fa2675cbb803a9c88d2b9c43f79", "f226481dade2c075e7f488485b6e18a279367b94a019baf71493fab475f3a4b8", "f811d494040e91e38f01ef1e127177bbb9fdc350126a11cd65ac5db6cad2b92e", "fbe640e946e2fcd983048e2c40bee28eba884a9e0178fb1cf03e1d365abd8e3f"]
pywin32 = ["0df9b008caef10af0d674c483316c28dcf78391332d9d5d380fab667ebf2d7d1", "249391eb924b8376826e6f84d143d1dcc0e400b238b511d5fbd3811f6ed9ad50", "42f48567e36b787901ff3da20de5a134cd9880cc90832e2aad60951f058699f0", "9eff897796c9d76a213134257a01b6f8a122c55e0772847fba313a8091f3ec44", "c7ea0deabcc324e5b74084b5452003109c592d1aedbe9e9289ed55b26d9b0c7f", "da422d4067d98b49fbb19d851900a5fc38c61eab0ee803574c27c42309173ebe", "f0f0e7c82ee334dd6e888b9b5beb05fd8947355fa7a15644c810bb4ea0079ca6", "fb3c85907918fd01a72ee146d323d220771dee151c0cfa5630c2f35797ffb116"]
requests = ["63b52e3c866428a224f97cab011de738c36aec0185aa91cfacd418b5d58911d1", "ec22d826a36ed72a7358ff3fe56cbd4ba69dd7a6718ffd450ff0e9df7a47ce6a"]
"ruamel.yaml" = ["2a6a5787568a98df4910ec63f6a7a101f897ba7eb591d0e51ea41ebad91c6772", "3bafb25b6025c70aae68e7462f56a4f126bff86bbc22a68e2cc7f684e2ade7e8", "410f9a5eb1e07f0b356e212df8a7f9ba31d082fee9a570c60f8428fb1734ed39", "41ec8d8a356ac720b3653eb914a349dd19b98e74a3326dea0eec57a2c58cf902", "587e903cff2abc1d955b3dfce401d434e784b89b58c388f0529a449e3803a5a8", "5d8d2137496d7b279bc6de633f7b8bf6bfa4d4128c45301c765091c8c2862815", "821686e66b1f28a20635aa12aefe82a0593076b5781d34f7dc37b65de0fa888b", "8668f63a0fb83aacc4d12f82400379e2dae111e1c368cb154dbcb8453958c1e6", "87522312776ed4f0c0d17b20956f26b3ce88718aa3f380e7d8517d4303aa3375", "989aaecab077f0a5617d12d52f95ddfccc75507d5dae8fb66f4e400ea0cac0e1", "9ce57bf6f0d32e32623a97866f089ed12d8b725d94957360826b3ce15669589b", "a193e5e8b55c13013ad3afdc932f0c8b26b4c6c03bb9ac1546ba24b540e37fd1", "ac511da7380b313a6ee2e498e098f303d715a1aa54c66ccf8bfa229561533a23", "afb27f7f081278cb30bbbd2b7f483dca4594fa5f3fecf96164c9708d8fd344a8", "c2fcdb96fef46023dce740ad566afd256b06d598233bbcaee071c76b0abb4b1a", "ca508fe8725ac0ec59f15abc2c5d135c78bd689cbec71e04807f0ec7795fb502", "ccfd94560be57bf066af0597aa60ebf33342c8fdd2ea8354d56915ce2a68497d", "ce6564b47e7102ee2732a6d94c80eae7b3311608d8773a16ee2066ec90eb0c9d", "d159b1601511c4e23b118968203b90619d4e4704b9af0d4c888051eba0054cce", "ec2bae297dd060b7e1c64094c79119cb0e33f6c0a9a6e889dfba5362cc15141b", "f2286bcbb3ea2a77b379279790c6e35bdc982ca7f2041f9cee420c5673b722d6", "f59feb48079551eae7b791cb4d6383f079ebf87738acf540b1b27039b35972ff"]
six = ["70e8a77beed4562e7f14fe23a786b54f6296e34344c23bc42f07b15018ff98e9", "832dc0e10feb1aa2c68dcc57dbb658f1c7e65b9b61af69048abc87a2db00a0eb"]
urllib3 = ["a68ac5e15e76e7e5dd2b8f94007233e01effe3e50e8daddf69acfd81cb686baf", "b5725a0bd4ba422ab0e66e89e030c806576753ea3ee08554382c14e685d117b5"]
websocket-client = ["030bbfbf29ac9e315ffb207ed5ed42b6981b5038ea00d1e13b02b872cc95e8f6", "a35bac3d9647c62c1ba3e8a7340385d92981f5486b033557d592138fd4b21b90"]
werkzeug = ["c3fd7a7d41976d9f44db327260e263132466836cef6f91512889ed60ad26557c", "d5da73735293558eb1651ee2fddc4d0dedcfa06538b8813a2e20011583c9e49b"]
